
Microsoft Visual Studio Solution File, Format Version 12.00
# Visual Studio Version 16
VisualStudioVersion = 16.0.32510.428
MinimumVisualStudioVersion = 10.0.40219.1
Project("{FAE04EC0-301F-11D3-BF4B-00C04F79EFBC}") = "pcg2019", "pcg2019\pcg2019.csproj", "{1E852F77-3BE3-478F-A57F-A6D7256AB526}"
EndProject
Global
	GlobalSection(SolutionConfigurationPlatforms) = preSolution
		Debug|Any CPU = Debug|Any CPU
		Release|Any CPU = Release|Any CPU
	EndGlobalSection
	GlobalSection(ProjectConfigurationPlatforms) = postSolution
		{1E852F77-3BE3-478F-A57F-A6D7256AB526}.Debug|Any CPU.ActiveCfg = Debug|Any CPU
		{1E852F77-3BE3-478F-A57F-A6D7256AB526}.Debug|Any CPU.Build.0 = Debug|Any CPU
		{1E852F77-3BE3-478F-A57F-A6D7256AB526}.Release|Any CPU.ActiveCfg = Release|Any CPU
		{1E852F77-3BE3-478F-A57F-A6D7256AB526}.Release|Any CPU.Build.0 = Release|Any CPU
	EndGlobalSection
	GlobalSection(SolutionProperties) = preSolution
		HideSolutionNode = FALSE
	EndGlobalSection
	GlobalSection(ExtensibilityGlobals) = postSolution
		SolutionGuid = {0105B9FC-9ADE-43A2-8EC9-71F4BE4E832D}
	EndGlobalSection
EndGlobal
